{
  "name": "wishmaster",
  "version": "0.0.1",
  "lockfileVersion": 1,
  "requires": true,
  "dependencies": {
    "iconv": {
      "version": "2.2.3",
      "resolved": "https://registry.npmjs.org/iconv/-/iconv-2.2.3.tgz",
      "integrity": "sha1-4ITWDut9c9p/CpwJbkyKvgkL+u0=",
      "optional": true,
      "requires": {
        "nan": "2.8.0"
      }
    },
    "irc": {
      "version": "0.5.2",
      "resolved": "https://registry.npmjs.org/irc/-/irc-0.5.2.tgz",
      "integrity": "sha1-NxT0doNlqW0LL3dryRFmvrJGS7w=",
      "requires": {
        "iconv": "2.2.3",
        "irc-colors": "1.4.1",
        "node-icu-charset-detector": "0.2.0"
      }
    },
    "irc-colors": {
      "version": "1.4.1",
      "resolved": "https://registry.npmjs.org/irc-colors/-/irc-colors-1.4.1.tgz",
      "integrity": "sha512-qWk9xUusWzQgpmi+nf6w1BF9RG4od+ievha61hTz4H0Jktbs9LldBT+jpqmKWPvCltVxs9tami6UbV8fmTOaqA=="
    },
    "nan": {
      "version": "2.8.0",
      "resolved": "https://registry.npmjs.org/nan/-/nan-2.8.0.tgz",
      "integrity": "sha1-7XFfP+neArV6XmJS2QqWZ14fCFo=",
      "optional": true
    },
    "node-icu-charset-detector": {
      "version": "0.2.0",
      "resolved": "https://registry.npmjs.org/node-icu-charset-detector/-/node-icu-charset-detector-0.2.0.tgz",
      "integrity": "sha1-wjINo3Tdy2cfxUy0oOBB4Vb/1jk=",
      "optional": true,
      "requires": {
        "nan": "2.8.0"
      }
    },
    "typescript": {
      "version": "2.7.1",
      "resolved": "https://registry.npmjs.org/typescript/-/typescript-2.7.1.tgz",
      "integrity": "sha512-bqB1yS6o9TNA9ZC/MJxM0FZzPnZdtHj0xWK/IZ5khzVqdpGul/R/EIiHRgFXlwTD7PSIaYVnGKq1QgMCu2mnqw=="
    },
    "typescript-collections": {
      "version": "1.3.2",
      "resolved": "https://registry.npmjs.org/typescript-collections/-/typescript-collections-1.3.2.tgz",
      "integrity": "sha512-Frfvtwym0VebbueXWEJlVkGiWjKEFStsRwusuzjh8lX8OEJ9ZbFqpYLNfPvZcxw/+nqW0cRNBeBq6SVoTjymcQ=="
    }
  }
}
